
Microsoft Visual Studio Solution File, Format Version 12.00
# Visual Studio 15
VisualStudioVersion = 15.0.27130.2024
MinimumVisualStudioVersion = 10.0.40219.1
Project("{FAE04EC0-301F-11D3-BF4B-00C04F79EFBC}") = "Console_Exam_Dec2016_Solution", "Console_Exam_Dec2016_Solution\Console_Exam_Dec2016_Solution.csproj", "{39786492-292B-4164-A577-E144121E65A3}"
EndProject
Global
	GlobalSection(SolutionConfigurationPlatforms) = preSolution
		Debug|Any CPU = Debug|Any CPU
		Release|Any CPU = Release|Any CPU
	EndGlobalSection
	GlobalSection(ProjectConfigurationPlatforms) = postSolution
		{39786492-292B-4164-A577-E144121E65A3}.Debug|Any CPU.ActiveCfg = Debug|Any CPU
		{39786492-292B-4164-A577-E144121E65A3}.Debug|Any CPU.Build.0 = Debug|Any CPU
		{39786492-292B-4164-A577-E144121E65A3}.Release|Any CPU.ActiveCfg = Release|Any CPU
		{39786492-292B-4164-A577-E144121E65A3}.Release|Any CPU.Build.0 = Release|Any CPU
	EndGlobalSection
	GlobalSection(SolutionProperties) = preSolution
		HideSolutionNode = FALSE
	EndGlobalSection
	GlobalSection(ExtensibilityGlobals) = postSolution
		SolutionGuid = {5ADDE5BB-663D-4CE1-BA90-7602EEF24BEB}
	EndGlobalSection
EndGlobal
