
Microsoft Visual Studio Solution File, Format Version 12.00
# Visual Studio 15
VisualStudioVersion = 15.0.27130.2024
MinimumVisualStudioVersion = 10.0.40219.1
Project("{FAE04EC0-301F-11D3-BF4B-00C04F79EFBC}") = "Console_Exam_Practise_Feb2019_Solution", "Console_Exam_Practise_Feb2019_Solution\Console_Exam_Practise_Feb2019_Solution.csproj", "{DCF2A103-EEE4-4EB6-A2C5-320C0602689D}"
EndProject
Global
	GlobalSection(SolutionConfigurationPlatforms) = preSolution
		Debug|Any CPU = Debug|Any CPU
		Release|Any CPU = Release|Any CPU
	EndGlobalSection
	GlobalSection(ProjectConfigurationPlatforms) = postSolution
		{DCF2A103-EEE4-4EB6-A2C5-320C0602689D}.Debug|Any CPU.ActiveCfg = Debug|Any CPU
		{DCF2A103-EEE4-4EB6-A2C5-320C0602689D}.Debug|Any CPU.Build.0 = Debug|Any CPU
		{DCF2A103-EEE4-4EB6-A2C5-320C0602689D}.Release|Any CPU.ActiveCfg = Release|Any CPU
		{DCF2A103-EEE4-4EB6-A2C5-320C0602689D}.Release|Any CPU.Build.0 = Release|Any CPU
	EndGlobalSection
	GlobalSection(SolutionProperties) = preSolution
		HideSolutionNode = FALSE
	EndGlobalSection
	GlobalSection(ExtensibilityGlobals) = postSolution
		SolutionGuid = {99205245-14B9-4064-9453-1CD58E58477E}
	EndGlobalSection
EndGlobal
